// !$*UTF8*$!
{
	archiveVersion = 1;
	classes = {
	};
	objectVersion = 50;
	objects = {

/* Begin PBXBuildFile section */
		CF6878FD221029CC00A8FC99 /* dingcorrect.wav in Resources */ = {isa = PBXBuildFile; fileRef = CF6878F9221029CC00A8FC99 /* dingcorrect.wav */; };
		CF6878FE221029CC00A8FC99 /* shuffle.wav in Resources */ = {isa = PBXBuildFile; fileRef = CF6878FA221029CC00A8FC99 /* shuffle.wav */; };
		CF6878FF221029CC00A8FC99 /* dingwrong.wav in Resources */ = {isa = PBXBuildFile; fileRef = CF6878FB221029CC00A8FC99 /* dingwrong.wav */; };
		CF687900221029CC00A8FC99 /* cardflip.wav in Resources */ = {isa = PBXBuildFile; fileRef = CF6878FC221029CC00A8FC99 /* cardflip.wav */; };
		CF68790322102A3800A8FC99 /* AVFoundation.framework in Frameworks */ = {isa = PBXBuildFile; fileRef = CF68790222102A3800A8FC99 /* AVFoundation.framework */; };
		CF68790522102A8F00A8FC99 /* SoundManager.swift in Sources */ = {isa = PBXBuildFile; fileRef = CF68790422102A8F00A8FC99 /* SoundManager.swift */; };
		CFD183D3220D74E100385331 /* AppDelegate.swift in Sources */ = {isa = PBXBuildFile; fileRef = CFD183D2220D74E100385331 /* AppDelegate.swift */; };
		CFD183D5220D74E100385331 /* ViewController.swift in Sources */ = {isa = PBXBuildFile; fileRef = CFD183D4220D74E100385331 /* ViewController.swift */; };
		CFD183D8220D74E100385331 /* Main.storyboard in Resources */ = {isa = PBXBuildFile; fileRef = CFD183D6220D74E100385331 /* Main.storyboard */; };
		CFD183DA220D74E300385331 /* Assets.xcassets in Resources */ = {isa = PBXBuildFile; fileRef = CFD183D9220D74E300385331 /* Assets.xcassets */; };
		CFD183DD220D74E300385331 /* LaunchScreen.storyboard in Resources */ = {isa = PBXBuildFile; fileRef = CFD183DB220D74E300385331 /* LaunchScreen.storyboard */; };
		CFD183E5220D7C8000385331 /* CardModel.swift in Sources */ = {isa = PBXBuildFile; fileRef = CFD183E4220D7C8000385331 /* CardModel.swift */; };
		CFD183E7220D7E0400385331 /* Card.swift in Sources */ = {isa = PBXBuildFile; fileRef = CFD183E6220D7E0400385331 /* Card.swift */; };
		CFD183E9220D81B100385331 /* CardCollectionViewCell.swift in Sources */ = {isa = PBXBuildFile; fileRef = CFD183E8220D81B100385331 /* CardCollectionViewCell.swift */; };
/* End PBXBuildFile section */

/* Begin PBXFileReference section */
		CF6878F9221029CC00A8FC99 /* dingcorrect.wav */ = {isa = PBXFileReference; lastKnownFileType = audio.wav; path = dingcorrect.wav; sourceTree = "<group>"; };
		CF6878FA221029CC00A8FC99 /* shuffle.wav */ = {isa = PBXFileReference; lastKnownFileType = audio.wav; path = shuffle.wav; sourceTree = "<group>"; };
		CF6878FB221029CC00A8FC99 /* dingwrong.wav */ = {isa = PBXFileReference; lastKnownFileType = audio.wav; path = dingwrong.wav; sourceTree = "<group>"; };
		CF6878FC221029CC00A8FC99 /* cardflip.wav */ = {isa = PBXFileReference; lastKnownFileType = audio.wav; path = cardflip.wav; sourceTree = "<group>"; };
		CF68790222102A3800A8FC99 /* AVFoundation.framework */ = {isa = PBXFileReference; lastKnownFileType = wrapper.framework; name = AVFoundation.framework; path = System/Library/Frameworks/AVFoundation.framework; sourceTree = SDKROOT; };
		CF68790422102A8F00A8FC99 /* SoundManager.swift */ = {isa = PBXFileReference; lastKnownFileType = sourcecode.swift; path = SoundManager.swift; sourceTree = "<group>"; };
		CFD183CF220D74E100385331 /* Match App.app */ = {isa = PBXFileReference; explicitFileType = wrapper.application; includeInIndex = 0; path = "Match App.app"; sourceTree = BUILT_PRODUCTS_DIR; };
		CFD183D2220D74E100385331 /* AppDelegate.swift */ = {isa = PBXFileReference; lastKnownFileType = sourcecode.swift; path = AppDelegate.swift; sourceTree = "<group>"; };
		CFD183D4220D74E100385331 /* ViewController.swift */ = {isa = PBXFileReference; lastKnownFileType = sourcecode.swift; path = ViewController.swift; sourceTree = "<group>"; };
		CFD183D7220D74E100385331 /* Base */ = {isa = PBXFileReference; lastKnownFileType = file.storyboard; name = Base; path = Base.lproj/Main.storyboard; sourceTree = "<group>"; };
		CFD183D9220D74E300385331 /* Assets.xcassets */ = {isa = PBXFileReference; lastKnownFileType = folder.assetcatalog; path = Assets.xcassets; sourceTree = "<group>"; };
		CFD183DC220D74E300385331 /* Base */ = {isa = PBXFileReference; lastKnownFileType = file.storyboard; name = Base; path = Base.lproj/LaunchScreen.storyboard; sourceTree = "<group>"; };
		CFD183DE220D74E300385331 /* Info.plist */ = {isa = PBXFileReference; lastKnownFileType = text.plist.xml; path = Info.plist; sourceTree = "<group>"; };
		CFD183E4220D7C8000385331 /* CardModel.swift */ = {isa = PBXFileReference; lastKnownFileType = sourcecode.swift; path = CardModel.swift; sourceTree = "<group>"; };
		CFD183E6220D7E0400385331 /* Card.swift */ = {isa = PBXFileReference; lastKnownFileType = sourcecode.swift; path = Card.swift; sourceTree = "<group>"; };
		CFD183E8220D81B100385331 /* CardCollectionViewCell.swift */ = {isa = PBXFileReference; lastKnownFileType = sourcecode.swift; path = CardCollectionViewCell.swift; sourceTree = "<group>"; };
/* End PBXFileReference section */

/* Begin PBXFrameworksBuildPhase section */
		CFD183CC220D74E100385331 /* Frameworks */ = {
			isa = PBXFrameworksBuildPhase;
			buildActionMask = 2147483647;
			files = (
				CF68790322102A3800A8FC99 /* AVFoundation.framework in Frameworks */,
			);
			runOnlyForDeploymentPostprocessing = 0;
		};
/* End PBXFrameworksBuildPhase section */

/* Begin PBXGroup section */
		CF6878F82210297900A8FC99 /* Sounds */ = {
			isa = PBXGroup;
			children = (
				CF6878FC221029CC00A8FC99 /* cardflip.wav */,
				CF6878F9221029CC00A8FC99 /* dingcorrect.wav */,
				CF6878FB221029CC00A8FC99 /* dingwrong.wav */,
				CF6878FA221029CC00A8FC99 /* shuffle.wav */,
			);
			path = Sounds;
			sourceTree = "<group>";
		};
		CF68790122102A3800A8FC99 /* Frameworks */ = {
			isa = PBXGroup;
			children = (
				CF68790222102A3800A8FC99 /* AVFoundation.framework */,
			);
			name = Frameworks;
			sourceTree = "<group>";
		};
		CFD183C6220D74E100385331 = {
			isa = PBXGroup;
			children = (
				CFD183D1220D74E100385331 /* Match App */,
				CFD183D0220D74E100385331 /* Products */,
				CF68790122102A3800A8FC99 /* Frameworks */,
			);
			sourceTree = "<group>";
		};
		CFD183D0220D74E100385331 /* Products */ = {
			isa = PBXGroup;
			children = (
				CFD183CF220D74E100385331 /* Match App.app */,
			);
			name = Products;
			sourceTree = "<group>";
		};
		CFD183D1220D74E100385331 /* Match App */ = {
			isa = PBXGroup;
			children = (
				CFD183D2220D74E100385331 /* AppDelegate.swift */,
				CFD183D4220D74E100385331 /* ViewController.swift */,
				CF68790422102A8F00A8FC99 /* SoundManager.swift */,
				CFD183E6220D7E0400385331 /* Card.swift */,
				CFD183E4220D7C8000385331 /* CardModel.swift */,
				CFD183E8220D81B100385331 /* CardCollectionViewCell.swift */,
				CFD183D6220D74E100385331 /* Main.storyboard */,
				CFD183D9220D74E300385331 /* Assets.xcassets */,
				CF6878F82210297900A8FC99 /* Sounds */,
				CFD183DB220D74E300385331 /* LaunchScreen.storyboard */,
				CFD183DE220D74E300385331 /* Info.plist */,
			);
			path = "Match App";
			sourceTree = "<group>";
		};
/* End PBXGroup section */

/* Begin PBXNativeTarget section */
		CFD183CE220D74E100385331 /* Match App */ = {
			isa = PBXNativeTarget;
			buildConfigurationList = CFD183E1220D74E300385331 /* Build configuration list for PBXNativeTarget "Match App" */;
			buildPhases = (
				CFD183CB220D74E100385331 /* Sources */,
				CFD183CC220D74E100385331 /* Frameworks */,
				CFD183CD220D74E100385331 /* Resources */,
			);
			buildRules = (
			);
			dependencies = (
			);
			name = "Match App";
			productName = "Match App";
			productReference = CFD183CF220D74E100385331 /* Match App.app */;
			productType = "com.apple.product-type.application";
		};
/* End PBXNativeTarget section */

/* Begin PBXProject section */
		CFD183C7220D74E100385331 /* Project object */ = {
			isa = PBXProject;
			attributes = {
				LastSwiftUpdateCheck = 1010;
				LastUpgradeCheck = 1010;
				ORGANIZATIONNAME = Igor;
				TargetAttributes = {
					CFD183CE220D74E100385331 = {
						CreatedOnToolsVersion = 10.1;
					};
				};
			};
			buildConfigurationList = CFD183CA220D74E100385331 /* Build configuration list for PBXProject "Match App" */;
			compatibilityVersion = "Xcode 9.3";
			developmentRegion = en;
			hasScannedForEncodings = 0;
			knownRegions = (
				en,
				Base,
			);
			mainGroup = CFD183C6220D74E100385331;
			productRefGroup = CFD183D0220D74E100385331 /* Products */;
			projectDirPath = "";
			projectRoot = "";
			targets = (
				CFD183CE220D74E100385331 /* Match App */,
			);
		};
/* End PBXProject section */

/* Begin PBXResourcesBuildPhase section */
		CFD183CD220D74E100385331 /* Resources */ = {
			isa = PBXResourcesBuildPhase;
			buildActionMask = 2147483647;
			files = (
				CFD183DD220D74E300385331 /* LaunchScreen.storyboard in Resources */,
				CFD183DA220D74E300385331 /* Assets.xcassets in Resources */,
				CF6878FF221029CC00A8FC99 /* dingwrong.wav in Resources */,
				CF687900221029CC00A8FC99 /* cardflip.wav in Resources */,
				CFD183D8220D74E100385331 /* Main.storyboard in Resources */,
				CF6878FD221029CC00A8FC99 /* dingcorrect.wav in Resources */,
				CF6878FE221029CC00A8FC99 /* shuffle.wav in Resources */,
			);
			runOnlyForDeploymentPostprocessing = 0;
		};
/* End PBXResourcesBuildPhase section */

/* Begin PBXSourcesBuildPhase section */
		CFD183CB220D74E100385331 /* Sources */ = {
			isa = PBXSourcesBuildPhase;
			buildActionMask = 2147483647;
			files = (
				CFD183D5220D74E100385331 /* ViewController.swift in Sources */,
				CFD183D3220D74E100385331 /* AppDelegate.swift in Sources */,
				CFD183E5220D7C8000385331 /* CardModel.swift in Sources */,
				CFD183E9220D81B100385331 /* CardCollectionViewCell.swift in Sources */,
				CFD183E7220D7E0400385331 /* Card.swift in Sources */,
				CF68790522102A8F00A8FC99 /* SoundManager.swift in Sources */,
			);
			runOnlyForDeploymentPostprocessing = 0;
		};
/* End PBXSourcesBuildPhase section */

/* Begin PBXVariantGroup section */
		CFD183D6220D74E100385331 /* Main.storyboard */ = {
			isa = PBXVariantGroup;
			children = (
				CFD183D7220D74E100385331 /* Base */,
			);
			name = Main.storyboard;
			sourceTree = "<group>";
		};
		CFD183DB220D74E300385331 /* LaunchScreen.storyboard */ = {
			isa = PBXVariantGroup;
			children = (
				CFD183DC220D74E300385331 /* Base */,
			);
			name = LaunchScreen.storyboard;
			sourceTree = "<group>";
		};
/* End PBXVariantGroup section */

/* Begin XCBuildConfiguration section */
		CFD183DF220D74E300385331 /* Debug */ = {
			isa = XCBuildConfiguration;
			buildSettings = {
				ALWAYS_SEARCH_USER_PATHS = NO;
				CLANG_ANALYZER_NONNULL = YES;
				CLANG_ANALYZER_NUMBER_OBJECT_CONVERSION = YES_AGGRESSIVE;
				CLANG_CXX_LANGUAGE_STANDARD = "gnu++14";
				CLANG_CXX_LIBRARY = "libc++";
				CLANG_ENABLE_MODULES = YES;
				CLANG_ENABLE_OBJC_ARC = YES;
				CLANG_ENABLE_OBJC_WEAK = YES;
				CLANG_WARN_BLOCK_CAPTURE_AUTORELEASING = YES;
				CLANG_WARN_BOOL_CONVERSION = YES;
				CLANG_WARN_COMMA = YES;
				CLANG_WARN_CONSTANT_CONVERSION = YES;
				CLANG_WARN_DEPRECATED_OBJC_IMPLEMENTATIONS = YES;
				CLANG_WARN_DIRECT_OBJC_ISA_USAGE = YES_ERROR;
				CLANG_WARN_DOCUMENTATION_COMMENTS = YES;
				CLANG_WARN_EMPTY_BODY = YES;
				CLANG_WARN_ENUM_CONVERSION = YES;
				CLANG_WARN_INFINITE_RECURSION = YES;
				CLANG_WARN_INT_CONVERSION = YES;
				CLANG_WARN_NON_LITERAL_NULL_CONVERSION = YES;
				CLANG_WARN_OBJC_IMPLICIT_RETAIN_SELF = YES;
				CLANG_WARN_OBJC_LITERAL_CONVERSION = YES;
				CLANG_WARN_OBJC_ROOT_CLASS = YES_ERROR;
				CLANG_WARN_RANGE_LOOP_ANALYSIS = YES;
				CLANG_WARN_STRICT_PROTOTYPES = YES;
				CLANG_WARN_SUSPICIOUS_MOVE = YES;
				CLANG_WARN_UNGUARDED_AVAILABILITY = YES_AGGRESSIVE;
				CLANG_WARN_UNREACHABLE_CODE = YES;
				CLANG_WARN__DUPLICATE_METHOD_MATCH = YES;
				CODE_SIGN_IDENTITY = "iPhone Developer";
				COPY_PHASE_STRIP = NO;
				DEBUG_INFORMATION_FORMAT = dwarf;
				ENABLE_STRICT_OBJC_MSGSEND = YES;
				ENABLE_TESTABILITY = YES;
				GCC_C_LANGUAGE_STANDARD = gnu11;
				GCC_DYNAMIC_NO_PIC = NO;
				GCC_NO_COMMON_BLOCKS = YES;
				GCC_OPTIMIZATION_LEVEL = 0;
				GCC_PREPROCESSOR_DEFINITIONS = (
					"DEBUG=1",
					"$(inherited)",
				);
				GCC_WARN_64_TO_32_BIT_CONVERSION = YES;
				GCC_WARN_ABOUT_RETURN_TYPE = YES_ERROR;
				GCC_WARN_UNDECLARED_SELECTOR = YES;
				GCC_WARN_UNINITIALIZED_AUTOS = YES_AGGRESSIVE;
				GCC_WARN_UNUSED_FUNCTION = YES;
				GCC_WARN_UNUSED_VARIABLE = YES;
				IPHONEOS_DEPLOYMENT_TARGET = 12.1;
				MTL_ENABLE_DEBUG_INFO = INCLUDE_SOURCE;
				MTL_FAST_MATH = YES;
				ONLY_ACTIVE_ARCH = YES;
				SDKROOT = iphoneos;
				SWIFT_ACTIVE_COMPILATION_CONDITIONS = DEBUG;
				SWIFT_OPTIMIZATION_LEVEL = "-Onone";
			};
			name = Debug;
		};
		CFD183E0220D74E300385331 /* Release */ = {
			isa = XCBuildConfiguration;
			buildSettings = {
				ALWAYS_SEARCH_USER_PATHS = NO;
				CLANG_ANALYZER_NONNULL = YES;
				CLANG_ANALYZER_NUMBER_OBJECT_CONVERSION = YES_AGGRESSIVE;
				CLANG_CXX_LANGUAGE_STANDARD = "gnu++14";
				CLANG_CXX_LIBRARY = "libc++";
				CLANG_ENABLE_MODULES = YES;
				CLANG_ENABLE_OBJC_ARC = YES;
				CLANG_ENABLE_OBJC_WEAK = YES;
				CLANG_WARN_BLOCK_CAPTURE_AUTORELEASING = YES;
				CLANG_WARN_BOOL_CONVERSION = YES;
				CLANG_WARN_COMMA = YES;
				CLANG_WARN_CONSTANT_CONVERSION = YES;
				CLANG_WARN_DEPRECATED_OBJC_IMPLEMENTATIONS = YES;
				CLANG_WARN_DIRECT_OBJC_ISA_USAGE = YES_ERROR;
				CLANG_WARN_DOCUMENTATION_COMMENTS = YES;
				CLANG_WARN_EMPTY_BODY = YES;
				CLANG_WARN_ENUM_CONVERSION = YES;
				CLANG_WARN_INFINITE_RECURSION = YES;
				CLANG_WARN_INT_CONVERSION = YES;
				CLANG_WARN_NON_LITERAL_NULL_CONVERSION = YES;
				CLANG_WARN_OBJC_IMPLICIT_RETAIN_SELF = YES;
				CLANG_WARN_OBJC_LITERAL_CONVERSION = YES;
				CLANG_WARN_OBJC_ROOT_CLASS = YES_ERROR;
				CLANG_WARN_RANGE_LOOP_ANALYSIS = YES;
				CLANG_WARN_STRICT_PROTOTYPES = YES;
				CLANG_WARN_SUSPICIOUS_MOVE = YES;
				CLANG_WARN_UNGUARDED_AVAILABILITY = YES_AGGRESSIVE;
				CLANG_WARN_UNREACHABLE_CODE = YES;
				CLANG_WARN__DUPLICATE_METHOD_MATCH = YES;
				CODE_SIGN_IDENTITY = "iPhone Developer";
				COPY_PHASE_STRIP = NO;
				DEBUG_INFORMATION_FORMAT = "dwarf-with-dsym";
				ENABLE_NS_ASSERTIONS = NO;
				ENABLE_STRICT_OBJC_MSGSEND = YES;
				GCC_C_LANGUAGE_STANDARD = gnu11;
				GCC_NO_COMMON_BLOCKS = YES;
				GCC_WARN_64_TO_32_BIT_CONVERSION = YES;
				GCC_WARN_ABOUT_RETURN_TYPE = YES_ERROR;
				GCC_WARN_UNDECLARED_SELECTOR = YES;
				GCC_WARN_UNINITIALIZED_AUTOS = YES_AGGRESSIVE;
				GCC_WARN_UNUSED_FUNCTION = YES;
				GCC_WARN_UNUSED_VARIABLE = YES;
				IPHONEOS_DEPLOYMENT_TARGET = 12.1;
				MTL_ENABLE_DEBUG_INFO = NO;
				MTL_FAST_MATH = YES;
				SDKROOT = iphoneos;
				SWIFT_COMPILATION_MODE = wholemodule;
				SWIFT_OPTIMIZATION_LEVEL = "-O";
				VALIDATE_PRODUCT = YES;
			};
			name = Release;
		};
		CFD183E2220D74E300385331 /* Debug */ = {
			isa = XCBuildConfiguration;
			buildSettings = {
				ASSETCATALOG_COMPILER_APPICON_NAME = AppIcon;
				CODE_SIGN_STYLE = Automatic;
				DEVELOPMENT_TEAM = 99T3A45NBN;
				INFOPLIST_FILE = "Match App/Info.plist";
				LD_RUNPATH_SEARCH_PATHS = (
					"$(inherited)",
					"@executable_path/Frameworks",
				);
				PRODUCT_BUNDLE_IDENTIFIER = "com.Igor.Match-App";
				PRODUCT_NAME = "$(TARGET_NAME)";
				SWIFT_VERSION = 4.2;
				TARGETED_DEVICE_FAMILY = "1,2";
			};
			name = Debug;
		};
		CFD183E3220D74E300385331 /* Release */ = {
			isa = XCBuildConfiguration;
			buildSettings = {
				ASSETCATALOG_COMPILER_APPICON_NAME = AppIcon;
				CODE_SIGN_STYLE = Automatic;
				DEVELOPMENT_TEAM = 99T3A45NBN;
				INFOPLIST_FILE = "Match App/Info.plist";
				LD_RUNPATH_SEARCH_PATHS = (
					"$(inherited)",
					"@executable_path/Frameworks",
				);
				PRODUCT_BUNDLE_IDENTIFIER = "com.Igor.Match-App";
				PRODUCT_NAME = "$(TARGET_NAME)";
				SWIFT_VERSION = 4.2;
				TARGETED_DEVICE_FAMILY = "1,2";
			};
			name = Release;
		};
/* End XCBuildConfiguration section */

/* Begin XCConfigurationList section */
		CFD183CA220D74E100385331 /* Build configuration list for PBXProject "Match App" */ = {
			isa = XCConfigurationList;
			buildConfigurations = (
				CFD183DF220D74E300385331 /* Debug */,
				CFD183E0220D74E300385331 /* Release */,
			);
			defaultConfigurationIsVisible = 0;
			defaultConfigurationName = Release;
		};
		CFD183E1220D74E300385331 /* Build configuration list for PBXNativeTarget "Match App" */ = {
			isa = XCConfigurationList;
			buildConfigurations = (
				CFD183E2220D74E300385331 /* Debug */,
				CFD183E3220D74E300385331 /* Release */,
			);
			defaultConfigurationIsVisible = 0;
			defaultConfigurationName = Release;
		};
/* End XCConfigurationList section */
	};
	rootObject = CFD183C7220D74E100385331 /* Project object */;
}
